// !$*UTF8*$!
{
	archiveVersion = 1;
	classes = {
	};
	objectVersion = 46;
	objects = {

/* Begin PBXBuildFile section */
		2682466C1F0D9993004CF0D7 /* AppDelegate.swift in Sources */ = {isa = PBXBuildFile; fileRef = 2682466B1F0D9993004CF0D7 /* AppDelegate.swift */; };
		2682466E1F0D9993004CF0D7 /* ViewController.swift in Sources */ = {isa = PBXBuildFile; fileRef = 2682466D1F0D9993004CF0D7 /* ViewController.swift */; };
		268246711F0D9993004CF0D7 /* Main.storyboard in Resources */ = {isa = PBXBuildFile; fileRef = 2682466F1F0D9993004CF0D7 /* Main.storyboard */; };
		268246741F0D9993004CF0D7 /* GitIntegrationTests.xcdatamodeld in Sources */ = {isa = PBXBuildFile; fileRef = 268246721F0D9993004CF0D7 /* GitIntegrationTests.xcdatamodeld */; };
		268246761F0D9993004CF0D7 /* Assets.xcassets in Resources */ = {isa = PBXBuildFile; fileRef = 268246751F0D9993004CF0D7 /* Assets.xcassets */; };
		268246791F0D9993004CF0D7 /* LaunchScreen.storyboard in Resources */ = {isa = PBXBuildFile; fileRef = 268246771F0D9993004CF0D7 /* LaunchScreen.storyboard */; };
		268246841F0D9993004CF0D7 /* GitIntegrationTestsTests.swift in Sources */ = {isa = PBXBuildFile; fileRef = 268246831F0D9993004CF0D7 /* GitIntegrationTestsTests.swift */; };
		2682468F1F0D9993004CF0D7 /* GitIntegrationTestsUITests.swift in Sources */ = {isa = PBXBuildFile; fileRef = 2682468E1F0D9993004CF0D7 /* GitIntegrationTestsUITests.swift */; };
/* End PBXBuildFile section */

/* Begin PBXContainerItemProxy section */
		268246801F0D9993004CF0D7 /* PBXContainerItemProxy */ = {
			isa = PBXContainerItemProxy;
			containerPortal = 268246601F0D9992004CF0D7 /* Project object */;
			proxyType = 1;
			remoteGlobalIDString = 268246671F0D9992004CF0D7;
			remoteInfo = GitIntegrationTests;
		};
		2682468B1F0D9993004CF0D7 /* PBXContainerItemProxy */ = {
			isa = PBXContainerItemProxy;
			containerPortal = 268246601F0D9992004CF0D7 /* Project object */;
			proxyType = 1;
			remoteGlobalIDString = 268246671F0D9992004CF0D7;
			remoteInfo = GitIntegrationTests;
		};
/* End PBXContainerItemProxy section */

/* Begin PBXFileReference section */
		268246681F0D9993004CF0D7 /* GitIntegrationTests.app */ = {isa = PBXFileReference; explicitFileType = wrapper.application; includeInIndex = 0; path = GitIntegrationTests.app; sourceTree = BUILT_PRODUCTS_DIR; };
		2682466B1F0D9993004CF0D7 /* AppDelegate.swift */ = {isa = PBXFileReference; lastKnownFileType = sourcecode.swift; path = AppDelegate.swift; sourceTree = "<group>"; };
		2682466D1F0D9993004CF0D7 /* ViewController.swift */ = {isa = PBXFileReference; lastKnownFileType = sourcecode.swift; path = ViewController.swift; sourceTree = "<group>"; };
		268246701F0D9993004CF0D7 /* Base */ = {isa = PBXFileReference; lastKnownFileType = file.storyboard; name = Base; path = Base.lproj/Main.storyboard; sourceTree = "<group>"; };
		268246731F0D9993004CF0D7 /* GitIntegrationTests.xcdatamodel */ = {isa = PBXFileReference; lastKnownFileType = wrapper.xcdatamodel; path = GitIntegrationTests.xcdatamodel; sourceTree = "<group>"; };
		268246751F0D9993004CF0D7 /* Assets.xcassets */ = {isa = PBXFileReference; lastKnownFileType = folder.assetcatalog; path = Assets.xcassets; sourceTree = "<group>"; };
		268246781F0D9993004CF0D7 /* Base */ = {isa = PBXFileReference; lastKnownFileType = file.storyboard; name = Base; path = Base.lproj/LaunchScreen.storyboard; sourceTree = "<group>"; };
		2682467A1F0D9993004CF0D7 /* Info.plist */ = {isa = PBXFileReference; lastKnownFileType = text.plist.xml; path = Info.plist; sourceTree = "<group>"; };
		2682467F1F0D9993004CF0D7 /* GitIntegrationTestsTests.xctest */ = {isa = PBXFileReference; explicitFileType = wrapper.cfbundle; includeInIndex = 0; path = GitIntegrationTestsTests.xctest; sourceTree = BUILT_PRODUCTS_DIR; };
		268246831F0D9993004CF0D7 /* GitIntegrationTestsTests.swift */ = {isa = PBXFileReference; lastKnownFileType = sourcecode.swift; path = GitIntegrationTestsTests.swift; sourceTree = "<group>"; };
		268246851F0D9993004CF0D7 /* Info.plist */ = {isa = PBXFileReference; lastKnownFileType = text.plist.xml; path = Info.plist; sourceTree = "<group>"; };
		2682468A1F0D9993004CF0D7 /* GitIntegrationTestsUITests.xctest */ = {isa = PBXFileReference; explicitFileType = wrapper.cfbundle; includeInIndex = 0; path = GitIntegrationTestsUITests.xctest; sourceTree = BUILT_PRODUCTS_DIR; };
		2682468E1F0D9993004CF0D7 /* GitIntegrationTestsUITests.swift */ = {isa = PBXFileReference; lastKnownFileType = sourcecode.swift; path = GitIntegrationTestsUITests.swift; sourceTree = "<group>"; };
		268246901F0D9993004CF0D7 /* Info.plist */ = {isa = PBXFileReference; lastKnownFileType = text.plist.xml; path = Info.plist; sourceTree = "<group>"; };
/* End PBXFileReference section */

/* Begin PBXFrameworksBuildPhase section */
		268246651F0D9992004CF0D7 /* Frameworks */ = {
			isa = PBXFrameworksBuildPhase;
			buildActionMask = 2147483647;
			files = (
			);
			runOnlyForDeploymentPostprocessing = 0;
		};
		2682467C1F0D9993004CF0D7 /* Frameworks */ = {
			isa = PBXFrameworksBuildPhase;
			buildActionMask = 2147483647;
			files = (
			);
			runOnlyForDeploymentPostprocessing = 0;
		};
		268246871F0D9993004CF0D7 /* Frameworks */ = {
			isa = PBXFrameworksBuildPhase;
			buildActionMask = 2147483647;
			files = (
			);
			runOnlyForDeploymentPostprocessing = 0;
		};
/* End PBXFrameworksBuildPhase section */

/* Begin PBXGroup section */
		2682465F1F0D9992004CF0D7 = {
			isa = PBXGroup;
			children = (
				2682466A1F0D9993004CF0D7 /* GitIntegrationTests */,
				268246821F0D9993004CF0D7 /* GitIntegrationTestsTests */,
				2682468D1F0D9993004CF0D7 /* GitIntegrationTestsUITests */,
				268246691F0D9993004CF0D7 /* Products */,
			);
			sourceTree = "<group>";
		};
		268246691F0D9993004CF0D7 /* Products */ = {
			isa = PBXGroup;
			children = (
				268246681F0D9993004CF0D7 /* GitIntegrationTests.app */,
				2682467F1F0D9993004CF0D7 /* GitIntegrationTestsTests.xctest */,
				2682468A1F0D9993004CF0D7 /* GitIntegrationTestsUITests.xctest */,
			);
			name = Products;
			sourceTree = "<group>";
		};
		2682466A1F0D9993004CF0D7 /* GitIntegrationTests */ = {
			isa = PBXGroup;
			children = (
				2682466B1F0D9993004CF0D7 /* AppDelegate.swift */,
				2682466D1F0D9993004CF0D7 /* ViewController.swift */,
				2682466F1F0D9993004CF0D7 /* Main.storyboard */,
				268246751F0D9993004CF0D7 /* Assets.xcassets */,
				268246771F0D9993004CF0D7 /* LaunchScreen.storyboard */,
				2682467A1F0D9993004CF0D7 /* Info.plist */,
				268246721F0D9993004CF0D7 /* GitIntegrationTests.xcdatamodeld */,
			);
			path = GitIntegrationTests;
			sourceTree = "<group>";
		};
		268246821F0D9993004CF0D7 /* GitIntegrationTestsTests */ = {
			isa = PBXGroup;
			children = (
				268246831F0D9993004CF0D7 /* GitIntegrationTestsTests.swift */,
				268246851F0D9993004CF0D7 /* Info.plist */,
			);
			path = GitIntegrationTestsTests;
			sourceTree = "<group>";
		};
		2682468D1F0D9993004CF0D7 /* GitIntegrationTestsUITests */ = {
			isa = PBXGroup;
			children = (
				2682468E1F0D9993004CF0D7 /* GitIntegrationTestsUITests.swift */,
				268246901F0D9993004CF0D7 /* Info.plist */,
			);
			path = GitIntegrationTestsUITests;
			sourceTree = "<group>";
		};
/* End PBXGroup section */

/* Begin PBXNativeTarget section */
		268246671F0D9992004CF0D7 /* GitIntegrationTests */ = {
			isa = PBXNativeTarget;
			buildConfigurationList = 268246931F0D9993004CF0D7 /* Build configuration list for PBXNativeTarget "GitIntegrationTests" */;
			buildPhases = (
				268246641F0D9992004CF0D7 /* Sources */,
				268246651F0D9992004CF0D7 /* Frameworks */,
				268246661F0D9992004CF0D7 /* Resources */,
			);
			buildRules = (
			);
			dependencies = (
			);
			name = GitIntegrationTests;
			productName = GitIntegrationTests;
			productReference = 268246681F0D9993004CF0D7 /* GitIntegrationTests.app */;
			productType = "com.apple.product-type.application";
		};
		2682467E1F0D9993004CF0D7 /* GitIntegrationTestsTests */ = {
			isa = PBXNativeTarget;
			buildConfigurationList = 268246961F0D9993004CF0D7 /* Build configuration list for PBXNativeTarget "GitIntegrationTestsTests" */;
			buildPhases = (
				2682467B1F0D9993004CF0D7 /* Sources */,
				2682467C1F0D9993004CF0D7 /* Frameworks */,
				2682467D1F0D9993004CF0D7 /* Resources */,
			);
			buildRules = (
			);
			dependencies = (
				268246811F0D9993004CF0D7 /* PBXTargetDependency */,
			);
			name = GitIntegrationTestsTests;
			productName = GitIntegrationTestsTests;
			productReference = 2682467F1F0D9993004CF0D7 /* GitIntegrationTestsTests.xctest */;
			productType = "com.apple.product-type.bundle.unit-test";
		};
		268246891F0D9993004CF0D7 /* GitIntegrationTestsUITests */ = {
			isa = PBXNativeTarget;
			buildConfigurationList = 268246991F0D9993004CF0D7 /* Build configuration list for PBXNativeTarget "GitIntegrationTestsUITests" */;
			buildPhases = (
				268246861F0D9993004CF0D7 /* Sources */,
				268246871F0D9993004CF0D7 /* Frameworks */,
				268246881F0D9993004CF0D7 /* Resources */,
			);
			buildRules = (
			);
			dependencies = (
				2682468C1F0D9993004CF0D7 /* PBXTargetDependency */,
			);
			name = GitIntegrationTestsUITests;
			productName = GitIntegrationTestsUITests;
			productReference = 2682468A1F0D9993004CF0D7 /* GitIntegrationTestsUITests.xctest */;
			productType = "com.apple.product-type.bundle.ui-testing";
		};
/* End PBXNativeTarget section */

/* Begin PBXProject section */
		268246601F0D9992004CF0D7 /* Project object */ = {
			isa = PBXProject;
			attributes = {
				LastSwiftUpdateCheck = 0830;
				LastUpgradeCheck = 0830;
				ORGANIZATIONNAME = "Daniel Williams";
				TargetAttributes = {
					268246671F0D9992004CF0D7 = {
						CreatedOnToolsVersion = 8.3.3;
						DevelopmentTeam = 4SFQ86X7XD;
						ProvisioningStyle = Automatic;
					};
					2682467E1F0D9993004CF0D7 = {
						CreatedOnToolsVersion = 8.3.3;
						DevelopmentTeam = 4SFQ86X7XD;
						ProvisioningStyle = Automatic;
						TestTargetID = 268246671F0D9992004CF0D7;
					};
					268246891F0D9993004CF0D7 = {
						CreatedOnToolsVersion = 8.3.3;
						DevelopmentTeam = 4SFQ86X7XD;
						ProvisioningStyle = Automatic;
						TestTargetID = 268246671F0D9992004CF0D7;
					};
				};
			};
			buildConfigurationList = 268246631F0D9992004CF0D7 /* Build configuration list for PBXProject "GitIntegrationTests" */;
			compatibilityVersion = "Xcode 3.2";
			developmentRegion = English;
			hasScannedForEncodings = 0;
			knownRegions = (
				en,
				Base,
			);
			mainGroup = 2682465F1F0D9992004CF0D7;
			productRefGroup = 268246691F0D9993004CF0D7 /* Products */;
			projectDirPath = "";
			projectRoot = "";
			targets = (
				268246671F0D9992004CF0D7 /* GitIntegrationTests */,
				2682467E1F0D9993004CF0D7 /* GitIntegrationTestsTests */,
				268246891F0D9993004CF0D7 /* GitIntegrationTestsUITests */,
			);
		};
/* End PBXProject section */

/* Begin PBXResourcesBuildPhase section */
		268246661F0D9992004CF0D7 /* Resources */ = {
			isa = PBXResourcesBuildPhase;
			buildActionMask = 2147483647;
			files = (
				268246791F0D9993004CF0D7 /* LaunchScreen.storyboard in Resources */,
				268246761F0D9993004CF0D7 /* Assets.xcassets in Resources */,
				268246711F0D9993004CF0D7 /* Main.storyboard in Resources */,
			);
			runOnlyForDeploymentPostprocessing = 0;
		};
		2682467D1F0D9993004CF0D7 /* Resources */ = {
			isa = PBXResourcesBuildPhase;
			buildActionMask = 2147483647;
			files = (
			);
			runOnlyForDeploymentPostprocessing = 0;
		};
		268246881F0D9993004CF0D7 /* Resources */ = {
			isa = PBXResourcesBuildPhase;
			buildActionMask = 2147483647;
			files = (
			);
			runOnlyForDeploymentPostprocessing = 0;
		};
/* End PBXResourcesBuildPhase section */

/* Begin PBXSourcesBuildPhase section */
		268246641F0D9992004CF0D7 /* Sources */ = {
			isa = PBXSourcesBuildPhase;
			buildActionMask = 2147483647;
			files = (
				268246741F0D9993004CF0D7 /* GitIntegrationTests.xcdatamodeld in Sources */,
				2682466E1F0D9993004CF0D7 /* ViewController.swift in Sources */,
				2682466C1F0D9993004CF0D7 /* AppDelegate.swift in Sources */,
			);
			runOnlyForDeploymentPostprocessing = 0;
		};
		2682467B1F0D9993004CF0D7 /* Sources */ = {
			isa = PBXSourcesBuildPhase;
			buildActionMask = 2147483647;
			files = (
				268246841F0D9993004CF0D7 /* GitIntegrationTestsTests.swift in Sources */,
			);
			runOnlyForDeploymentPostprocessing = 0;
		};
		268246861F0D9993004CF0D7 /* Sources */ = {
			isa = PBXSourcesBuildPhase;
			buildActionMask = 2147483647;
			files = (
				2682468F1F0D9993004CF0D7 /* GitIntegrationTestsUITests.swift in Sources */,
			);
			runOnlyForDeploymentPostprocessing = 0;
		};
/* End PBXSourcesBuildPhase section */

/* Begin PBXTargetDependency section */
		268246811F0D9993004CF0D7 /* PBXTargetDependency */ = {
			isa = PBXTargetDependency;
			target = 268246671F0D9992004CF0D7 /* GitIntegrationTests */;
			targetProxy = 268246801F0D9993004CF0D7 /* PBXContainerItemProxy */;
		};
		2682468C1F0D9993004CF0D7 /* PBXTargetDependency */ = {
			isa = PBXTargetDependency;
			target = 268246671F0D9992004CF0D7 /* GitIntegrationTests */;
			targetProxy = 2682468B1F0D9993004CF0D7 /* PBXContainerItemProxy */;
		};
/* End PBXTargetDependency section */

/* Begin PBXVariantGroup section */
		2682466F1F0D9993004CF0D7 /* Main.storyboard */ = {
			isa = PBXVariantGroup;
			children = (
				268246701F0D9993004CF0D7 /* Base */,
			);
			name = Main.storyboard;
			sourceTree = "<group>";
		};
		268246771F0D9993004CF0D7 /* LaunchScreen.storyboard */ = {
			isa = PBXVariantGroup;
			children = (
				268246781F0D9993004CF0D7 /* Base */,
			);
			name = LaunchScreen.storyboard;
			sourceTree = "<group>";
		};
/* End PBXVariantGroup section */

/* Begin XCBuildConfiguration section */
		268246911F0D9993004CF0D7 /* Debug */ = {
			isa = XCBuildConfiguration;
			buildSettings = {
				ALWAYS_SEARCH_USER_PATHS = NO;
				CLANG_ANALYZER_NONNULL = YES;
				CLANG_ANALYZER_NUMBER_OBJECT_CONVERSION = YES_AGGRESSIVE;
				CLANG_CXX_LANGUAGE_STANDARD = "gnu++0x";
				CLANG_CXX_LIBRARY = "libc++";
				CLANG_ENABLE_MODULES = YES;
				CLANG_ENABLE_OBJC_ARC = YES;
				CLANG_WARN_BOOL_CONVERSION = YES;
				CLANG_WARN_CONSTANT_CONVERSION = YES;
				CLANG_WARN_DIRECT_OBJC_ISA_USAGE = YES_ERROR;
				CLANG_WARN_DOCUMENTATION_COMMENTS = YES;
				CLANG_WARN_EMPTY_BODY = YES;
				CLANG_WARN_ENUM_CONVERSION = YES;
				CLANG_WARN_INFINITE_RECURSION = YES;
				CLANG_WARN_INT_CONVERSION = YES;
				CLANG_WARN_OBJC_ROOT_CLASS = YES_ERROR;
				CLANG_WARN_SUSPICIOUS_MOVE = YES;
				CLANG_WARN_UNREACHABLE_CODE = YES;
				CLANG_WARN__DUPLICATE_METHOD_MATCH = YES;
				"CODE_SIGN_IDENTITY[sdk=iphoneos*]" = "iPhone Developer";
				COPY_PHASE_STRIP = NO;
				DEBUG_INFORMATION_FORMAT = dwarf;
				ENABLE_STRICT_OBJC_MSGSEND = YES;
				ENABLE_TESTABILITY = YES;
				GCC_C_LANGUAGE_STANDARD = gnu99;
				GCC_DYNAMIC_NO_PIC = NO;
				GCC_NO_COMMON_BLOCKS = YES;
				GCC_OPTIMIZATION_LEVEL = 0;
				GCC_PREPROCESSOR_DEFINITIONS = (
					"DEBUG=1",
					"$(inherited)",
				);
				GCC_WARN_64_TO_32_BIT_CONVERSION = YES;
				GCC_WARN_ABOUT_RETURN_TYPE = YES_ERROR;
				GCC_WARN_UNDECLARED_SELECTOR = YES;
				GCC_WARN_UNINITIALIZED_AUTOS = YES_AGGRESSIVE;
				GCC_WARN_UNUSED_FUNCTION = YES;
				GCC_WARN_UNUSED_VARIABLE = YES;
				IPHONEOS_DEPLOYMENT_TARGET = 10.3;
				MTL_ENABLE_DEBUG_INFO = YES;
				ONLY_ACTIVE_ARCH = YES;
				SDKROOT = iphoneos;
				SWIFT_ACTIVE_COMPILATION_CONDITIONS = DEBUG;
				SWIFT_OPTIMIZATION_LEVEL = "-Onone";
				TARGETED_DEVICE_FAMILY = "1,2";
			};
			name = Debug;
		};
		268246921F0D9993004CF0D7 /* Release */ = {
			isa = XCBuildConfiguration;
			buildSettings = {
				ALWAYS_SEARCH_USER_PATHS = NO;
				CLANG_ANALYZER_NONNULL = YES;
				CLANG_ANALYZER_NUMBER_OBJECT_CONVERSION = YES_AGGRESSIVE;
				CLANG_CXX_LANGUAGE_STANDARD = "gnu++0x";
				CLANG_CXX_LIBRARY = "libc++";
				CLANG_ENABLE_MODULES = YES;
				CLANG_ENABLE_OBJC_ARC = YES;
				CLANG_WARN_BOOL_CONVERSION = YES;
				CLANG_WARN_CONSTANT_CONVERSION = YES;
				CLANG_WARN_DIRECT_OBJC_ISA_USAGE = YES_ERROR;
				CLANG_WARN_DOCUMENTATION_COMMENTS = YES;
				CLANG_WARN_EMPTY_BODY = YES;
				CLANG_WARN_ENUM_CONVERSION = YES;
				CLANG_WARN_INFINITE_RECURSION = YES;
				CLANG_WARN_INT_CONVERSION = YES;
				CLANG_WARN_OBJC_ROOT_CLASS = YES_ERROR;
				CLANG_WARN_SUSPICIOUS_MOVE = YES;
				CLANG_WARN_UNREACHABLE_CODE = YES;
				CLANG_WARN__DUPLICATE_METHOD_MATCH = YES;
				"CODE_SIGN_IDENTITY[sdk=iphoneos*]" = "iPhone Developer";
				COPY_PHASE_STRIP = NO;
				DEBUG_INFORMATION_FORMAT = "dwarf-with-dsym";
				ENABLE_NS_ASSERTIONS = NO;
				ENABLE_STRICT_OBJC_MSGSEND = YES;
				GCC_C_LANGUAGE_STANDARD = gnu99;
				GCC_NO_COMMON_BLOCKS = YES;
				GCC_WARN_64_TO_32_BIT_CONVERSION = YES;
				GCC_WARN_ABOUT_RETURN_TYPE = YES_ERROR;
				GCC_WARN_UNDECLARED_SELECTOR = YES;
				GCC_WARN_UNINITIALIZED_AUTOS = YES_AGGRESSIVE;
				GCC_WARN_UNUSED_FUNCTION = YES;
				GCC_WARN_UNUSED_VARIABLE = YES;
				IPHONEOS_DEPLOYMENT_TARGET = 10.3;
				MTL_ENABLE_DEBUG_INFO = NO;
				SDKROOT = iphoneos;
				SWIFT_OPTIMIZATION_LEVEL = "-Owholemodule";
				TARGETED_DEVICE_FAMILY = "1,2";
				VALIDATE_PRODUCT = YES;
			};
			name = Release;
		};
		268246941F0D9993004CF0D7 /* Debug */ = {
			isa = XCBuildConfiguration;
			buildSettings = {
				ASSETCATALOG_COMPILER_APPICON_NAME = AppIcon;
				DEVELOPMENT_TEAM = 4SFQ86X7XD;
				INFOPLIST_FILE = GitIntegrationTests/Info.plist;
				LD_RUNPATH_SEARCH_PATHS = "$(inherited) @executable_path/Frameworks";
				PRODUCT_BUNDLE_IDENTIFIER = com.djwapps.GitIntegrationTests;
				PRODUCT_NAME = "$(TARGET_NAME)";
				SWIFT_VERSION = 3.0;
			};
			name = Debug;
		};
		268246951F0D9993004CF0D7 /* Release */ = {
			isa = XCBuildConfiguration;
			buildSettings = {
				ASSETCATALOG_COMPILER_APPICON_NAME = AppIcon;
				DEVELOPMENT_TEAM = 4SFQ86X7XD;
				INFOPLIST_FILE = GitIntegrationTests/Info.plist;
				LD_RUNPATH_SEARCH_PATHS = "$(inherited) @executable_path/Frameworks";
				PRODUCT_BUNDLE_IDENTIFIER = com.djwapps.GitIntegrationTests;
				PRODUCT_NAME = "$(TARGET_NAME)";
				SWIFT_VERSION = 3.0;
			};
			name = Release;
		};
		268246971F0D9993004CF0D7 /* Debug */ = {
			isa = XCBuildConfiguration;
			buildSettings = {
				ALWAYS_EMBED_SWIFT_STANDARD_LIBRARIES = YES;
				BUNDLE_LOADER = "$(TEST_HOST)";
				DEVELOPMENT_TEAM = 4SFQ86X7XD;
				INFOPLIST_FILE = GitIntegrationTestsTests/Info.plist;
				LD_RUNPATH_SEARCH_PATHS = "$(inherited) @executable_path/Frameworks @loader_path/Frameworks";
				PRODUCT_BUNDLE_IDENTIFIER = com.djwapps.GitIntegrationTestsTests;
				PRODUCT_NAME = "$(TARGET_NAME)";
				SWIFT_VERSION = 3.0;
				TEST_HOST = "$(BUILT_PRODUCTS_DIR)/GitIntegrationTests.app/GitIntegrationTests";
			};
			name = Debug;
		};
		268246981F0D9993004CF0D7 /* Release */ = {
			isa = XCBuildConfiguration;
			buildSettings = {
				ALWAYS_EMBED_SWIFT_STANDARD_LIBRARIES = YES;
				BUNDLE_LOADER = "$(TEST_HOST)";
				DEVELOPMENT_TEAM = 4SFQ86X7XD;
				INFOPLIST_FILE = GitIntegrationTestsTests/Info.plist;
				LD_RUNPATH_SEARCH_PATHS = "$(inherited) @executable_path/Frameworks @loader_path/Frameworks";
				PRODUCT_BUNDLE_IDENTIFIER = com.djwapps.GitIntegrationTestsTests;
				PRODUCT_NAME = "$(TARGET_NAME)";
				SWIFT_VERSION = 3.0;
				TEST_HOST = "$(BUILT_PRODUCTS_DIR)/GitIntegrationTests.app/GitIntegrationTests";
			};
			name = Release;
		};
		2682469A1F0D9993004CF0D7 /* Debug */ = {
			isa = XCBuildConfiguration;
			buildSettings = {
				ALWAYS_EMBED_SWIFT_STANDARD_LIBRARIES = YES;
				DEVELOPMENT_TEAM = 4SFQ86X7XD;
				INFOPLIST_FILE = GitIntegrationTestsUITests/Info.plist;
				LD_RUNPATH_SEARCH_PATHS = "$(inherited) @executable_path/Frameworks @loader_path/Frameworks";
				PRODUCT_BUNDLE_IDENTIFIER = com.djwapps.GitIntegrationTestsUITests;
				PRODUCT_NAME = "$(TARGET_NAME)";
				SWIFT_VERSION = 3.0;
				TEST_TARGET_NAME = GitIntegrationTests;
			};
			name = Debug;
		};
		2682469B1F0D9993004CF0D7 /* Release */ = {
			isa = XCBuildConfiguration;
			buildSettings = {
				ALWAYS_EMBED_SWIFT_STANDARD_LIBRARIES = YES;
				DEVELOPMENT_TEAM = 4SFQ86X7XD;
				INFOPLIST_FILE = GitIntegrationTestsUITests/Info.plist;
				LD_RUNPATH_SEARCH_PATHS = "$(inherited) @executable_path/Frameworks @loader_path/Frameworks";
				PRODUCT_BUNDLE_IDENTIFIER = com.djwapps.GitIntegrationTestsUITests;
				PRODUCT_NAME = "$(TARGET_NAME)";
				SWIFT_VERSION = 3.0;
				TEST_TARGET_NAME = GitIntegrationTests;
			};
			name = Release;
		};
/* End XCBuildConfiguration section */

/* Begin XCConfigurationList section */
		268246631F0D9992004CF0D7 /* Build configuration list for PBXProject "GitIntegrationTests" */ = {
			isa = XCConfigurationList;
			buildConfigurations = (
				268246911F0D9993004CF0D7 /* Debug */,
				268246921F0D9993004CF0D7 /* Release */,
			);
			defaultConfigurationIsVisible = 0;
			defaultConfigurationName = Release;
		};
		268246931F0D9993004CF0D7 /* Build configuration list for PBXNativeTarget "GitIntegrationTests" */ = {
			isa = XCConfigurationList;
			buildConfigurations = (
				268246941F0D9993004CF0D7 /* Debug */,
				268246951F0D9993004CF0D7 /* Release */,
			);
			defaultConfigurationIsVisible = 0;
		};
		268246961F0D9993004CF0D7 /* Build configuration list for PBXNativeTarget "GitIntegrationTestsTests" */ = {
			isa = XCConfigurationList;
			buildConfigurations = (
				268246971F0D9993004CF0D7 /* Debug */,
				268246981F0D9993004CF0D7 /* Release */,
			);
			defaultConfigurationIsVisible = 0;
		};
		268246991F0D9993004CF0D7 /* Build configuration list for PBXNativeTarget "GitIntegrationTestsUITests" */ = {
			isa = XCConfigurationList;
			buildConfigurations = (
				2682469A1F0D9993004CF0D7 /* Debug */,
				2682469B1F0D9993004CF0D7 /* Release */,
			);
			defaultConfigurationIsVisible = 0;
		};
/* End XCConfigurationList section */

/* Begin XCVersionGroup section */
		268246721F0D9993004CF0D7 /* GitIntegrationTests.xcdatamodeld */ = {
			isa = XCVersionGroup;
			children = (
				268246731F0D9993004CF0D7 /* GitIntegrationTests.xcdatamodel */,
			);
			currentVersion = 268246731F0D9993004CF0D7 /* GitIntegrationTests.xcdatamodel */;
			path = GitIntegrationTests.xcdatamodeld;
			sourceTree = "<group>";
			versionGroupType = wrapper.xcdatamodel;
		};
/* End XCVersionGroup section */
	};
	rootObject = 268246601F0D9992004CF0D7 /* Project object */;
}
